lockfileVersion: '9.0'

settings:
  autoInstallPeers: true
  excludeLinksFromLockfile: false

importers:

  .:
    dependencies:
      '@dnd-kit/react':
        specifier: ^0.3.2
        version: 0.3.2(react-dom@19.2.4(react@19.2.4))(react@19.2.4)
      '@dnd-kit/utilities':
        specifier: ^3.2.2
        version: 3.2.2(react@19.2.4)
      '@nestjs/config':
        specifier: github:nestjs/config
        version: https://codeload.github.com/nestjs/config/tar.gz/0f81e2dd99916e60db795f138598767ab8decc8e(@nestjs/common@11.1.18(reflect-metadata@0.2.2)(rxjs@7.8.2))(rxjs@7.8.2)

packages:

  '@borewit/text-codec@0.2.2':
    resolution: {integrity: sha512-DDaRehssg1aNrH4+2hnj1B7vnUGEjU6OIlyRdkMd0aUdIUvKXrJfXsy8LVtXAy7DRvYVluWbMspsRhz2lcW0mQ==}

  '@dnd-kit/abstract@0.3.2':
    resolution: {integrity: sha512-uvPVK+SZYD6Viddn9M0K0JQdXknuVSxA/EbMlFRanve3P/XTc18oLa5zGftKSGjfQGmuzkZ34E26DSbly1zi3Q==}

  '@dnd-kit/collision@0.3.2':
    resolution: {integrity: sha512-pNmNSLCI8S9fNQ7QJ3fBCDjiT0sqBhUFcKgmyYaGvGCAU+kq0AP8OWlh0JSisc9k5mFyxmRpmFQcnJpILz/RPA==}

  '@dnd-kit/dom@0.3.2':
    resolution: {integrity: sha512-cIUAVgt2szQyz6JRy7I+0r+xeyOAGH21Y15hb5bIyHoDEaZBvIDH+OOlD9eoLjCbsxDLN9WloU2CBi3OE6LYDg==}

  '@dnd-kit/geometry@0.3.2':
    resolution: {integrity: sha512-3UBPuIS7E3oGiHxOE8h810QA+0pnrnCtGxl4Os1z3yy5YkC/BEYGY+TxWPTQaY1/OMV7GCX7ZNMlama2QN3n3w==}

  '@dnd-kit/react@0.3.2':
    resolution: {integrity: sha512-1Opg1xw6I75Z95c+rF2NJa0pdGb8rLAENtuopKtJ1J0PudWlz+P6yL137xy/6DV43uaRmNGtsdbMbR0yRYJ72g==}
    peerDependencies:
      react: ^18.0.0 || ^19.0.0
      react-dom: ^18.0.0 || ^19.0.0

  '@dnd-kit/state@0.3.2':
    resolution: {integrity: sha512-dLUIkoYrIJhGXfF2wGLTfb46vUokEsO/OoE21TSfmahYrx7ysTmnwbePsznFaHlwgZhQEh6AlLvthLCeY21b1A==}

  '@dnd-kit/utilities@3.2.2':
    resolution: {integrity: sha512-+MKAJEOfaBe5SmV6t34p80MMKhjvUz0vRrvVJbPT0WElzaOJ/1xs+D+KDv+tD/NE5ujfrChEcshd4fLn0wpiqg==}
    peerDependencies:
      react: '>=16.8.0'

  '@lukeed/csprng@1.1.0':
    resolution: {integrity: sha512-Z7C/xXCiGWsg0KuKsHTKJxbWhpI3Vs5GwLfOean7MGyVFGqdRgBbAjOCh6u4bbjPc/8MJ2pZmK/0DLdCbivLDA==}
    engines: {node: '>=8'}

  '@nestjs/common@11.1.18':
    resolution: {integrity: sha512-0sLq8Z+TIjLnz1Tqp0C/x9BpLbqpt1qEu0VcH4/fkE0y3F5JxhfK1AdKQ/SPbKhKgwqVDoY4gS8GQr2G6ujaWg==}
    peerDependencies:
      class-transformer: '>=0.4.1'
      class-validator: '>=0.13.2'
      reflect-metadata: ^0.1.12 || ^0.2.0
      rxjs: ^7.1.0
    peerDependenciesMeta:
      class-transformer:
        optional: true
      class-validator:
        optional: true

  '@nestjs/config@https://codeload.github.com/nestjs/config/tar.gz/0f81e2dd99916e60db795f138598767ab8decc8e':
    resolution: {tarball: https://codeload.github.com/nestjs/config/tar.gz/0f81e2dd99916e60db795f138598767ab8decc8e}
    version: 4.0.3
    peerDependencies:
      '@nestjs/common': ^10.0.0 || ^11.0.0
      rxjs: ^7.1.0

  '@preact/signals-core@1.14.1':
    resolution: {integrity: sha512-vxPpfXqrwUe9lpjqfYNjAF/0RF/eFGeLgdJzdmIIZjpOnTmGmAB4BjWone562mJGMRP4frU6iZ6ei3PDsu52Ng==}

  '@tokenizer/inflate@0.4.1':
    resolution: {integrity: sha512-2mAv+8pkG6GIZiF1kNg1jAjh27IDxEPKwdGul3snfztFerfPGI1LjDezZp3i7BElXompqEtPmoPx6c2wgtWsOA==}
    engines: {node: '>=18'}

  '@tokenizer/token@0.3.0':
    resolution: {integrity: sha512-OvjF+z51L3ov0OyAU0duzsYuvO01PH7x4t6DJx+guahgTnBHkhJdG7soQeTSFLWN3efnHyibZ4Z8l2EuWwJN3A==}

  debug@4.4.3:
    resolution: {integrity: sha512-RGwwWnwQvkVfavKVt22FGLw+xYSdzARwm0ru6DhTVA3umU5hZc28V3kO4stgYryrTlLpuvgI9GiijltAjNbcqA==}
    engines: {node: '>=6.0'}
    peerDependencies:
      supports-color: '*'
    peerDependenciesMeta:
      supports-color:
        optional: true

  dotenv-expand@12.0.3:
    resolution: {integrity: sha512-uc47g4b+4k/M/SeaW1y4OApx+mtLWl92l5LMPP0GNXctZqELk+YGgOPIIC5elYmUH4OuoK3JLhuRUYegeySiFA==}
    engines: {node: '>=12'}

  dotenv@16.6.1:
    resolution: {integrity: sha512-uBq4egWHTcTt33a72vpSG0z3HnPuIl6NqYcTrKEg2azoEyl2hpW0zqlxysq2pK9HlDIHyHyakeYaYnSAwd8bow==}
    engines: {node: '>=12'}

  dotenv@17.2.3:
    resolution: {integrity: sha512-JVUnt+DUIzu87TABbhPmNfVdBDt18BLOWjMUFJMSi/Qqg7NTYtabbvSNJGOJ7afbRuv9D/lngizHtP7QyLQ+9w==}
    engines: {node: '>=12'}

  file-type@21.3.4:
    resolution: {integrity: sha512-Ievi/yy8DS3ygGvT47PjSfdFoX+2isQueoYP1cntFW1JLYAuS4GD7NUPGg4zv2iZfV52uDyk5w5Z0TdpRS6Q1g==}
    engines: {node: '>=20'}

  ieee754@1.2.1:
    resolution: {integrity: sha512-dcyqhDvX1C46lXZcVqCpK+FtMRQVdIMN6/Df5js2zouUsqG7I6sFxitIC+7KYK29KdXOLHdu9zL4sFnoVQnqaA==}

  iterare@1.2.1:
    resolution: {integrity: sha512-RKYVTCjAnRthyJes037NX/IiqeidgN1xc3j1RjFfECFp28A1GVwK9nA+i0rJPaHqSZwygLzRnFlzUuHFoWWy+Q==}
    engines: {node: '>=6'}

  load-esm@1.0.3:
    resolution: {integrity: sha512-v5xlu8eHD1+6r8EHTg6hfmO97LN8ugKtiXcy5e6oN72iD2r6u0RPfLl6fxM+7Wnh2ZRq15o0russMst44WauPA==}
    engines: {node: '>=13.2.0'}

  lodash@4.17.23:
    resolution: {integrity: sha512-LgVTMpQtIopCi79SJeDiP0TfWi5CNEc/L/aRdTh3yIvmZXTnheWpKjSZhnvMl8iXbC1tFg9gdHHDMLoV7CnG+w==}

  ms@2.1.3:
    resolution: {integrity: sha512-6FlzubTLZG3J2a/NVCAleEhjzq5oxgHyaCU9yYXvcLsvoVaHJq/s5xXI6/XXP6tz7R9xAOtHnSO/tXtF3WRTlA==}

  react-dom@19.2.4:
    resolution: {integrity: sha512-AXJdLo8kgMbimY95O2aKQqsz2iWi9jMgKJhRBAxECE4IFxfcazB2LmzloIoibJI3C12IlY20+KFaLv+71bUJeQ==}
    peerDependencies:
      react: ^19.2.4

  react@19.2.4:
    resolution: {integrity: sha512-9nfp2hYpCwOjAN+8TZFGhtWEwgvWHXqESH8qT89AT/lWklpLON22Lc8pEtnpsZz7VmawabSU0gCjnj8aC0euHQ==}
    engines: {node: '>=0.10.0'}

  reflect-metadata@0.2.2:
    resolution: {integrity: sha512-urBwgfrvVP/eAyXx4hluJivBKzuEbSQs9rKWCrCkbSxNv8mxPcUZKeuoF3Uy4mJl3Lwprp6yy5/39VWigZ4K6Q==}

  rxjs@7.8.2:
    resolution: {integrity: sha512-dhKf903U/PQZY6boNNtAGdWbG85WAbjT/1xYoZIC7FAY0yWapOBQVsVrDl58W86//e1VpMNBtRV4MaXfdMySFA==}

  scheduler@0.27.0:
    resolution: {integrity: sha512-eNv+WrVbKu1f3vbYJT/xtiF5syA5HPIMtf9IgY/nKg0sWqzAUEvqY/xm7OcZc/qafLx/iO9FgOmeSAp4v5ti/Q==}

  strtok3@10.3.5:
    resolution: {integrity: sha512-ki4hZQfh5rX0QDLLkOCj+h+CVNkqmp/CMf8v8kZpkNVK6jGQooMytqzLZYUVYIZcFZ6yDB70EfD8POcFXiF5oA==}
    engines: {node: '>=18'}

  token-types@6.1.2:
    resolution: {integrity: sha512-dRXchy+C0IgK8WPC6xvCHFRIWYUbqqdEIKPaKo/AcTUNzwLTK6AH7RjdLWsEZcAN/TBdtfUw3PYEgPr5VPr6ww==}
    engines: {node: '>=14.16'}

  tslib@2.8.1:
    resolution: {integrity: sha512-oJFu94HQb+KVduSUQL7wnpmqnfmLsOA/nAh6b6EH0wCEoK0/mPeXU6c3wKDV83MkOuHPRHtSXKKU99IBazS/2w==}

  uid@2.0.2:
    resolution: {integrity: sha512-u3xV3X7uzvi5b1MncmZo3i2Aw222Zk1keqLA1YkHldREkAhAqi65wuPfe7lHx8H/Wzy+8CE7S7uS3jekIM5s8g==}
    engines: {node: '>=8'}

  uint8array-extras@1.5.0:
    resolution: {integrity: sha512-rvKSBiC5zqCCiDZ9kAOszZcDvdAHwwIKJG33Ykj43OKcWsnmcBRL09YTU4nOeHZ8Y2a7l1MgTd08SBe9A8Qj6A==}
    engines: {node: '>=18'}

snapshots:

  '@borewit/text-codec@0.2.2': {}

  '@dnd-kit/abstract@0.3.2':
    dependencies:
      '@dnd-kit/geometry': 0.3.2
      '@dnd-kit/state': 0.3.2
      tslib: 2.8.1

  '@dnd-kit/collision@0.3.2':
    dependencies:
      '@dnd-kit/abstract': 0.3.2
      '@dnd-kit/geometry': 0.3.2
      tslib: 2.8.1

  '@dnd-kit/dom@0.3.2':
    dependencies:
      '@dnd-kit/abstract': 0.3.2
      '@dnd-kit/collision': 0.3.2
      '@dnd-kit/geometry': 0.3.2
      '@dnd-kit/state': 0.3.2
      tslib: 2.8.1

  '@dnd-kit/geometry@0.3.2':
    dependencies:
      '@dnd-kit/state': 0.3.2
      tslib: 2.8.1

  '@dnd-kit/react@0.3.2(react-dom@19.2.4(react@19.2.4))(react@19.2.4)':
    dependencies:
      '@dnd-kit/abstract': 0.3.2
      '@dnd-kit/dom': 0.3.2
      '@dnd-kit/state': 0.3.2
      react: 19.2.4
      react-dom: 19.2.4(react@19.2.4)
      tslib: 2.8.1

  '@dnd-kit/state@0.3.2':
    dependencies:
      '@preact/signals-core': 1.14.1
      tslib: 2.8.1

  '@dnd-kit/utilities@3.2.2(react@19.2.4)':
    dependencies:
      react: 19.2.4
      tslib: 2.8.1

  '@lukeed/csprng@1.1.0': {}

  '@nestjs/common@11.1.18(reflect-metadata@0.2.2)(rxjs@7.8.2)':
    dependencies:
      file-type: 21.3.4
      iterare: 1.2.1
      load-esm: 1.0.3
      reflect-metadata: 0.2.2
      rxjs: 7.8.2
      tslib: 2.8.1
      uid: 2.0.2
    transitivePeerDependencies:
      - supports-color

  '@nestjs/config@https://codeload.github.com/nestjs/config/tar.gz/0f81e2dd99916e60db795f138598767ab8decc8e(@nestjs/common@11.1.18(reflect-metadata@0.2.2)(rxjs@7.8.2))(rxjs@7.8.2)':
    dependencies:
      '@nestjs/common': 11.1.18(reflect-metadata@0.2.2)(rxjs@7.8.2)
      dotenv: 17.2.3
      dotenv-expand: 12.0.3
      lodash: 4.17.23
      rxjs: 7.8.2

  '@preact/signals-core@1.14.1': {}

  '@tokenizer/inflate@0.4.1':
    dependencies:
      debug: 4.4.3
      token-types: 6.1.2
    transitivePeerDependencies:
      - supports-color

  '@tokenizer/token@0.3.0': {}

  debug@4.4.3:
    dependencies:
      ms: 2.1.3

  dotenv-expand@12.0.3:
    dependencies:
      dotenv: 16.6.1

  dotenv@16.6.1: {}

  dotenv@17.2.3: {}

  file-type@21.3.4:
    dependencies:
      '@tokenizer/inflate': 0.4.1
      strtok3: 10.3.5
      token-types: 6.1.2
      uint8array-extras: 1.5.0
    transitivePeerDependencies:
      - supports-color

  ieee754@1.2.1: {}

  iterare@1.2.1: {}

  load-esm@1.0.3: {}

  lodash@4.17.23: {}

  ms@2.1.3: {}

  react-dom@19.2.4(react@19.2.4):
    dependencies:
      react: 19.2.4
      scheduler: 0.27.0

  react@19.2.4: {}

  reflect-metadata@0.2.2: {}

  rxjs@7.8.2:
    dependencies:
      tslib: 2.8.1

  scheduler@0.27.0: {}

  strtok3@10.3.5:
    dependencies:
      '@tokenizer/token': 0.3.0

  token-types@6.1.2:
    dependencies:
      '@borewit/text-codec': 0.2.2
      '@tokenizer/token': 0.3.0
      ieee754: 1.2.1

  tslib@2.8.1: {}

  uid@2.0.2:
    dependencies:
      '@lukeed/csprng': 1.1.0

  uint8array-extras@1.5.0: {}
